
Microsoft Visual Studio Solution File, Format Version 12.00
# Visual Studio 15
VisualStudioVersion = 15.0.26730.3
MinimumVisualStudioVersion = 10.0.40219.1
Project("{FAE04EC0-301F-11D3-BF4B-00C04F79EFBC}") = "TestFormsApp", "TestFormsApp\TestFormsApp.csproj", "{D6E8EB1E-3CA6-47DB-81AF-E8E1B2BE500E}"
EndProject
Global
	GlobalSection(SolutionConfigurationPlatforms) = preSolution
		Debug|Any CPU = Debug|Any CPU
		Release|Any CPU = Release|Any CPU
	EndGlobalSection
	GlobalSection(ProjectConfigurationPlatforms) = postSolution
		{D6E8EB1E-3CA6-47DB-81AF-E8E1B2BE500E}.Debug|Any CPU.ActiveCfg = Debug|Any CPU
		{D6E8EB1E-3CA6-47DB-81AF-E8E1B2BE500E}.Debug|Any CPU.Build.0 = Debug|Any CPU
		{D6E8EB1E-3CA6-47DB-81AF-E8E1B2BE500E}.Release|Any CPU.ActiveCfg = Release|Any CPU
		{D6E8EB1E-3CA6-47DB-81AF-E8E1B2BE500E}.Release|Any CPU.Build.0 = Release|Any CPU
	EndGlobalSection
	GlobalSection(SolutionProperties) = preSolution
		HideSolutionNode = FALSE
	EndGlobalSection
	GlobalSection(ExtensibilityGlobals) = postSolution
		SolutionGuid = {8479F41F-9F45-4A51-8165-342075B87996}
	EndGlobalSection
EndGlobal
